
Microsoft Visual Studio Solution File, Format Version 12.00
# Visual Studio 15
VisualStudioVersion = 15.0.27130.2020
MinimumVisualStudioVersion = 10.0.40219.1
Project("{FAE04EC0-301F-11D3-BF4B-00C04F79EFBC}") = "ChassisCar.UI.Portal", "ChassisCar.UI.Portal\ChassisCar.UI.Portal.csproj", "{491D426B-F5A7-4843-A480-8110D3A38959}"
EndProject
Project("{FAE04EC0-301F-11D3-BF4B-00C04F79EFBC}") = "ChassisCar.Domain", "ChassisCar.Domain\ChassisCar.Domain.csproj", "{C5590744-307B-4916-9B57-1039A63D203C}"
EndProject
Global
	GlobalSection(SolutionConfigurationPlatforms) = preSolution
		Debug|Any CPU = Debug|Any CPU
		Release|Any CPU = Release|Any CPU
	EndGlobalSection
	GlobalSection(ProjectConfigurationPlatforms) = postSolution
		{491D426B-F5A7-4843-A480-8110D3A38959}.Debug|Any CPU.ActiveCfg = Debug|Any CPU
		{491D426B-F5A7-4843-A480-8110D3A38959}.Debug|Any CPU.Build.0 = Debug|Any CPU
		{491D426B-F5A7-4843-A480-8110D3A38959}.Release|Any CPU.ActiveCfg = Release|Any CPU
		{491D426B-F5A7-4843-A480-8110D3A38959}.Release|Any CPU.Build.0 = Release|Any CPU
		{C5590744-307B-4916-9B57-1039A63D203C}.Debug|Any CPU.ActiveCfg = Debug|Any CPU
		{C5590744-307B-4916-9B57-1039A63D203C}.Debug|Any CPU.Build.0 = Debug|Any CPU
		{C5590744-307B-4916-9B57-1039A63D203C}.Release|Any CPU.ActiveCfg = Release|Any CPU
		{C5590744-307B-4916-9B57-1039A63D203C}.Release|Any CPU.Build.0 = Release|Any CPU
	EndGlobalSection
	GlobalSection(SolutionProperties) = preSolution
		HideSolutionNode = FALSE
	EndGlobalSection
	GlobalSection(ExtensibilityGlobals) = postSolution
		SolutionGuid = {544F0EFA-D2A0-4801-BCD0-FB5F1C1FC96D}
	EndGlobalSection
EndGlobal
